// !$*UTF8*$!
{
	archiveVersion = 1;
	classes = {
	};
	objectVersion = 46;
	objects = {

/* Begin PBXBuildFile section */
		023AE55D1A04939300A3A789 /* main.m in Sources */ = {isa = PBXBuildFile; fileRef = 023AE55C1A04939300A3A789 /* main.m */; };
		023AE5601A04939300A3A789 /* AppDelegate.m in Sources */ = {isa = PBXBuildFile; fileRef = 023AE55F1A04939300A3A789 /* AppDelegate.m */; };
		023AE5661A04939300A3A789 /* Main.storyboard in Resources */ = {isa = PBXBuildFile; fileRef = 023AE5641A04939300A3A789 /* Main.storyboard */; };
		023AE5681A04939300A3A789 /* Images.xcassets in Resources */ = {isa = PBXBuildFile; fileRef = 023AE5671A04939300A3A789 /* Images.xcassets */; };
		023AE5771A04939300A3A789 /* YoPayTests.m in Sources */ = {isa = PBXBuildFile; fileRef = 023AE5761A04939300A3A789 /* YoPayTests.m */; };
		023AE5C91A04B8A000A3A789 /* StartViewController.m in Sources */ = {isa = PBXBuildFile; fileRef = 023AE5C81A04B8A000A3A789 /* StartViewController.m */; };
		023AE5CC1A04BA3500A3A789 /* NameListViewController.m in Sources */ = {isa = PBXBuildFile; fileRef = 023AE5CB1A04BA3500A3A789 /* NameListViewController.m */; };
		023AE5D21A04BC0200A3A789 /* SummaryViewController.m in Sources */ = {isa = PBXBuildFile; fileRef = 023AE5D11A04BC0200A3A789 /* SummaryViewController.m */; };
		023AE5E71A0529E900A3A789 /* libicucore.dylib in Frameworks */ = {isa = PBXBuildFile; fileRef = 023AE5E61A0529E900A3A789 /* libicucore.dylib */; };
		023AE5E91A0529EF00A3A789 /* CFNetwork.framework in Frameworks */ = {isa = PBXBuildFile; fileRef = 023AE5E81A0529EF00A3A789 /* CFNetwork.framework */; };
		023AE5EB1A0529F500A3A789 /* Security.framework in Frameworks */ = {isa = PBXBuildFile; fileRef = 023AE5EA1A0529F500A3A789 /* Security.framework */; };
		023AE5ED1A0529FA00A3A789 /* Foundation.framework in Frameworks */ = {isa = PBXBuildFile; fileRef = 023AE5EC1A0529FA00A3A789 /* Foundation.framework */; };
		0289B6101A057CC400646A18 /* SRWebSocket.m in Sources */ = {isa = PBXBuildFile; fileRef = 0289B60F1A057CC400646A18 /* SRWebSocket.m */; };
		AF81DB6AC771E9200221CF3F /* libPods.a in Frameworks */ = {isa = PBXBuildFile; fileRef = 550FE3601725AC014192018A /* libPods.a */; };
/* End PBXBuildFile section */

/* Begin PBXContainerItemProxy section */
		023AE5711A04939300A3A789 /* PBXContainerItemProxy */ = {
			isa = PBXContainerItemProxy;
			containerPortal = 023AE54F1A04939300A3A789 /* Project object */;
			proxyType = 1;
			remoteGlobalIDString = 023AE5561A04939300A3A789;
			remoteInfo = YoPay;
		};
/* End PBXContainerItemProxy section */

/* Begin PBXCopyFilesBuildPhase section */
		023AE5E41A0529D200A3A789 /* CopyFiles */ = {
			isa = PBXCopyFilesBuildPhase;
			buildActionMask = 2147483647;
			dstPath = "";
			dstSubfolderSpec = 10;
			files = (
			);
			runOnlyForDeploymentPostprocessing = 0;
		};
/* End PBXCopyFilesBuildPhase section */

/* Begin PBXFileReference section */
		023AE5571A04939300A3A789 /* YoPay.app */ = {isa = PBXFileReference; explicitFileType = wrapper.application; includeInIndex = 0; path = YoPay.app; sourceTree = BUILT_PRODUCTS_DIR; };
		023AE55B1A04939300A3A789 /* Info.plist */ = {isa = PBXFileReference; lastKnownFileType = text.plist.xml; path = Info.plist; sourceTree = "<group>"; };
		023AE55C1A04939300A3A789 /* main.m */ = {isa = PBXFileReference; lastKnownFileType = sourcecode.c.objc; path = main.m; sourceTree = "<group>"; };
		023AE55E1A04939300A3A789 /* AppDelegate.h */ = {isa = PBXFileReference; lastKnownFileType = sourcecode.c.h; path = AppDelegate.h; sourceTree = "<group>"; };
		023AE55F1A04939300A3A789 /* AppDelegate.m */ = {isa = PBXFileReference; lastKnownFileType = sourcecode.c.objc; path = AppDelegate.m; sourceTree = "<group>"; };
		023AE5651A04939300A3A789 /* Base */ = {isa = PBXFileReference; lastKnownFileType = file.storyboard; name = Base; path = Base.lproj/Main.storyboard; sourceTree = "<group>"; };
		023AE5671A04939300A3A789 /* Images.xcassets */ = {isa = PBXFileReference; lastKnownFileType = folder.assetcatalog; path = Images.xcassets; sourceTree = "<group>"; };
		023AE5701A04939300A3A789 /* YoPayTests.xctest */ = {isa = PBXFileReference; explicitFileType = wrapper.cfbundle; includeInIndex = 0; path = YoPayTests.xctest; sourceTree = BUILT_PRODUCTS_DIR; };
		023AE5751A04939300A3A789 /* Info.plist */ = {isa = PBXFileReference; lastKnownFileType = text.plist.xml; path = Info.plist; sourceTree = "<group>"; };
		023AE5761A04939300A3A789 /* YoPayTests.m */ = {isa = PBXFileReference; lastKnownFileType = sourcecode.c.objc; path = YoPayTests.m; sourceTree = "<group>"; };
		023AE5C71A04B8A000A3A789 /* StartViewController.h */ = {isa = PBXFileReference; fileEncoding = 4; lastKnownFileType = sourcecode.c.h; path = StartViewController.h; sourceTree = "<group>"; };
		023AE5C81A04B8A000A3A789 /* StartViewController.m */ = {isa = PBXFileReference; fileEncoding = 4; lastKnownFileType = sourcecode.c.objc; path = StartViewController.m; sourceTree = "<group>"; };
		023AE5CA1A04BA3500A3A789 /* NameListViewController.h */ = {isa = PBXFileReference; fileEncoding = 4; lastKnownFileType = sourcecode.c.h; path = NameListViewController.h; sourceTree = "<group>"; };
		023AE5CB1A04BA3500A3A789 /* NameListViewController.m */ = {isa = PBXFileReference; fileEncoding = 4; lastKnownFileType = sourcecode.c.objc; path = NameListViewController.m; sourceTree = "<group>"; };
		023AE5D01A04BC0200A3A789 /* SummaryViewController.h */ = {isa = PBXFileReference; fileEncoding = 4; lastKnownFileType = sourcecode.c.h; path = SummaryViewController.h; sourceTree = "<group>"; };
		023AE5D11A04BC0200A3A789 /* SummaryViewController.m */ = {isa = PBXFileReference; fileEncoding = 4; lastKnownFileType = sourcecode.c.objc; path = SummaryViewController.m; sourceTree = "<group>"; };
		023AE5E61A0529E900A3A789 /* libicucore.dylib */ = {isa = PBXFileReference; lastKnownFileType = "compiled.mach-o.dylib"; name = libicucore.dylib; path = usr/lib/libicucore.dylib; sourceTree = SDKROOT; };
		023AE5E81A0529EF00A3A789 /* CFNetwork.framework */ = {isa = PBXFileReference; lastKnownFileType = wrapper.framework; name = CFNetwork.framework; path = System/Library/Frameworks/CFNetwork.framework; sourceTree = SDKROOT; };
		023AE5EA1A0529F500A3A789 /* Security.framework */ = {isa = PBXFileReference; lastKnownFileType = wrapper.framework; name = Security.framework; path = System/Library/Frameworks/Security.framework; sourceTree = SDKROOT; };
		023AE5EC1A0529FA00A3A789 /* Foundation.framework */ = {isa = PBXFileReference; lastKnownFileType = wrapper.framework; name = Foundation.framework; path = System/Library/Frameworks/Foundation.framework; sourceTree = SDKROOT; };
		0289B60D1A057CC400646A18 /* SocketRocket-Prefix.pch */ = {isa = PBXFileReference; fileEncoding = 4; lastKnownFileType = sourcecode.c.h; path = "SocketRocket-Prefix.pch"; sourceTree = "<group>"; };
		0289B60E1A057CC400646A18 /* SRWebSocket.h */ = {isa = PBXFileReference; fileEncoding = 4; lastKnownFileType = sourcecode.c.h; path = SRWebSocket.h; sourceTree = "<group>"; };
		0289B60F1A057CC400646A18 /* SRWebSocket.m */ = {isa = PBXFileReference; fileEncoding = 4; lastKnownFileType = sourcecode.c.objc; path = SRWebSocket.m; sourceTree = "<group>"; };
		34FF32EF012EFB8A00A7C73A /* Pods.debug.xcconfig */ = {isa = PBXFileReference; includeInIndex = 1; lastKnownFileType = text.xcconfig; name = Pods.debug.xcconfig; path = "Pods/Target Support Files/Pods/Pods.debug.xcconfig"; sourceTree = "<group>"; };
		550FE3601725AC014192018A /* libPods.a */ = {isa = PBXFileReference; explicitFileType = archive.ar; includeInIndex = 0; path = libPods.a; sourceTree = BUILT_PRODUCTS_DIR; };
		9F0CE0EDDABE808FEBE8E856 /* Pods.release.xcconfig */ = {isa = PBXFileReference; includeInIndex = 1; lastKnownFileType = text.xcconfig; name = Pods.release.xcconfig; path = "Pods/Target Support Files/Pods/Pods.release.xcconfig"; sourceTree = "<group>"; };
/* End PBXFileReference section */

/* Begin PBXFrameworksBuildPhase section */
		023AE5541A04939300A3A789 /* Frameworks */ = {
			isa = PBXFrameworksBuildPhase;
			buildActionMask = 2147483647;
			files = (
				023AE5ED1A0529FA00A3A789 /* Foundation.framework in Frameworks */,
				023AE5EB1A0529F500A3A789 /* Security.framework in Frameworks */,
				023AE5E91A0529EF00A3A789 /* CFNetwork.framework in Frameworks */,
				023AE5E71A0529E900A3A789 /* libicucore.dylib in Frameworks */,
				AF81DB6AC771E9200221CF3F /* libPods.a in Frameworks */,
			);
			runOnlyForDeploymentPostprocessing = 0;
		};
		023AE56D1A04939300A3A789 /* Frameworks */ = {
			isa = PBXFrameworksBuildPhase;
			buildActionMask = 2147483647;
			files = (
			);
			runOnlyForDeploymentPostprocessing = 0;
		};
/* End PBXFrameworksBuildPhase section */

/* Begin PBXGroup section */
		023AE54E1A04939300A3A789 = {
			isa = PBXGroup;
			children = (
				023AE5EC1A0529FA00A3A789 /* Foundation.framework */,
				023AE5EA1A0529F500A3A789 /* Security.framework */,
				023AE5E81A0529EF00A3A789 /* CFNetwork.framework */,
				023AE5E61A0529E900A3A789 /* libicucore.dylib */,
				023AE5591A04939300A3A789 /* YoPay */,
				023AE5731A04939300A3A789 /* YoPayTests */,
				023AE5581A04939300A3A789 /* Products */,
				CA974865918DEBC32CCF75A5 /* Pods */,
				22DA6C3939A5359997C020D8 /* Frameworks */,
			);
			sourceTree = "<group>";
		};
		023AE5581A04939300A3A789 /* Products */ = {
			isa = PBXGroup;
			children = (
				023AE5571A04939300A3A789 /* YoPay.app */,
				023AE5701A04939300A3A789 /* YoPayTests.xctest */,
			);
			name = Products;
			sourceTree = "<group>";
		};
		023AE5591A04939300A3A789 /* YoPay */ = {
			isa = PBXGroup;
			children = (
				0289B60C1A057CC400646A18 /* SocketRocket */,
				023AE5D31A04BC1300A3A789 /* View Controllers */,
				023AE55E1A04939300A3A789 /* AppDelegate.h */,
				023AE55F1A04939300A3A789 /* AppDelegate.m */,
				023AE5641A04939300A3A789 /* Main.storyboard */,
				023AE5671A04939300A3A789 /* Images.xcassets */,
				023AE55A1A04939300A3A789 /* Supporting Files */,
			);
			path = YoPay;
			sourceTree = "<group>";
		};
		023AE55A1A04939300A3A789 /* Supporting Files */ = {
			isa = PBXGroup;
			children = (
				023AE55B1A04939300A3A789 /* Info.plist */,
				023AE55C1A04939300A3A789 /* main.m */,
			);
			name = "Supporting Files";
			sourceTree = "<group>";
		};
		023AE5731A04939300A3A789 /* YoPayTests */ = {
			isa = PBXGroup;
			children = (
				023AE5761A04939300A3A789 /* YoPayTests.m */,
				023AE5741A04939300A3A789 /* Supporting Files */,
			);
			path = YoPayTests;
			sourceTree = "<group>";
		};
		023AE5741A04939300A3A789 /* Supporting Files */ = {
			isa = PBXGroup;
			children = (
				023AE5751A04939300A3A789 /* Info.plist */,
			);
			name = "Supporting Files";
			sourceTree = "<group>";
		};
		023AE5D31A04BC1300A3A789 /* View Controllers */ = {
			isa = PBXGroup;
			children = (
				023AE5C71A04B8A000A3A789 /* StartViewController.h */,
				023AE5C81A04B8A000A3A789 /* StartViewController.m */,
				023AE5CA1A04BA3500A3A789 /* NameListViewController.h */,
				023AE5CB1A04BA3500A3A789 /* NameListViewController.m */,
				023AE5D01A04BC0200A3A789 /* SummaryViewController.h */,
				023AE5D11A04BC0200A3A789 /* SummaryViewController.m */,
			);
			name = "View Controllers";
			sourceTree = "<group>";
		};
		0289B60C1A057CC400646A18 /* SocketRocket */ = {
			isa = PBXGroup;
			children = (
				0289B60D1A057CC400646A18 /* SocketRocket-Prefix.pch */,
				0289B60E1A057CC400646A18 /* SRWebSocket.h */,
				0289B60F1A057CC400646A18 /* SRWebSocket.m */,
			);
			path = SocketRocket;
			sourceTree = "<group>";
		};
		22DA6C3939A5359997C020D8 /* Frameworks */ = {
			isa = PBXGroup;
			children = (
				550FE3601725AC014192018A /* libPods.a */,
			);
			name = Frameworks;
			sourceTree = "<group>";
		};
		CA974865918DEBC32CCF75A5 /* Pods */ = {
			isa = PBXGroup;
			children = (
				34FF32EF012EFB8A00A7C73A /* Pods.debug.xcconfig */,
				9F0CE0EDDABE808FEBE8E856 /* Pods.release.xcconfig */,
			);
			name = Pods;
			sourceTree = "<group>";
		};
/* End PBXGroup section */

/* Begin PBXNativeTarget section */
		023AE5561A04939300A3A789 /* YoPay */ = {
			isa = PBXNativeTarget;
			buildConfigurationList = 023AE57A1A04939300A3A789 /* Build configuration list for PBXNativeTarget "YoPay" */;
			buildPhases = (
				549EBD4341C930056625D21F /* Check Pods Manifest.lock */,
				023AE5531A04939300A3A789 /* Sources */,
				023AE5541A04939300A3A789 /* Frameworks */,
				023AE5551A04939300A3A789 /* Resources */,
				023AE5E41A0529D200A3A789 /* CopyFiles */,
				D685187FEB1FA07216DF34FD /* Copy Pods Resources */,
			);
			buildRules = (
			);
			dependencies = (
			);
			name = YoPay;
			productName = YoPay;
			productReference = 023AE5571A04939300A3A789 /* YoPay.app */;
			productType = "com.apple.product-type.application";
		};
		023AE56F1A04939300A3A789 /* YoPayTests */ = {
			isa = PBXNativeTarget;
			buildConfigurationList = 023AE57D1A04939300A3A789 /* Build configuration list for PBXNativeTarget "YoPayTests" */;
			buildPhases = (
				023AE56C1A04939300A3A789 /* Sources */,
				023AE56D1A04939300A3A789 /* Frameworks */,
				023AE56E1A04939300A3A789 /* Resources */,
			);
			buildRules = (
			);
			dependencies = (
				023AE5721A04939300A3A789 /* PBXTargetDependency */,
			);
			name = YoPayTests;
			productName = YoPayTests;
			productReference = 023AE5701A04939300A3A789 /* YoPayTests.xctest */;
			productType = "com.apple.product-type.bundle.unit-test";
		};
/* End PBXNativeTarget section */

/* Begin PBXProject section */
		023AE54F1A04939300A3A789 /* Project object */ = {
			isa = PBXProject;
			attributes = {
				LastUpgradeCheck = 0610;
				ORGANIZATIONNAME = com.YoPay;
				TargetAttributes = {
					023AE5561A04939300A3A789 = {
						CreatedOnToolsVersion = 6.1;
					};
					023AE56F1A04939300A3A789 = {
						CreatedOnToolsVersion = 6.1;
						TestTargetID = 023AE5561A04939300A3A789;
					};
				};
			};
			buildConfigurationList = 023AE5521A04939300A3A789 /* Build configuration list for PBXProject "YoPay" */;
			compatibilityVersion = "Xcode 3.2";
			developmentRegion = English;
			hasScannedForEncodings = 0;
			knownRegions = (
				en,
				Base,
			);
			mainGroup = 023AE54E1A04939300A3A789;
			productRefGroup = 023AE5581A04939300A3A789 /* Products */;
			projectDirPath = "";
			projectRoot = "";
			targets = (
				023AE5561A04939300A3A789 /* YoPay */,
				023AE56F1A04939300A3A789 /* YoPayTests */,
			);
		};
/* End PBXProject section */

/* Begin PBXResourcesBuildPhase section */
		023AE5551A04939300A3A789 /* Resources */ = {
			isa = PBXResourcesBuildPhase;
			buildActionMask = 2147483647;
			files = (
				023AE5661A04939300A3A789 /* Main.storyboard in Resources */,
				023AE5681A04939300A3A789 /* Images.xcassets in Resources */,
			);
			runOnlyForDeploymentPostprocessing = 0;
		};
		023AE56E1A04939300A3A789 /* Resources */ = {
			isa = PBXResourcesBuildPhase;
			buildActionMask = 2147483647;
			files = (
			);
			runOnlyForDeploymentPostprocessing = 0;
		};
/* End PBXResourcesBuildPhase section */

/* Begin PBXShellScriptBuildPhase section */
		549EBD4341C930056625D21F /* Check Pods Manifest.lock */ = {
			isa = PBXShellScriptBuildPhase;
			buildActionMask = 2147483647;
			files = (
			);
			inputPaths = (
			);
			name = "Check Pods Manifest.lock";
			outputPaths = (
			);
			runOnlyForDeploymentPostprocessing = 0;
			shellPath = /bin/sh;
			shellScript = "diff \"${PODS_ROOT}/../Podfile.lock\" \"${PODS_ROOT}/Manifest.lock\" > /dev/null\nif [[ $? != 0 ]] ; then\n    cat << EOM\nerror: The sandbox is not in sync with the Podfile.lock. Run 'pod install' or update your CocoaPods installation.\nEOM\n    exit 1\nfi\n";
			showEnvVarsInLog = 0;
		};
		D685187FEB1FA07216DF34FD /* Copy Pods Resources */ = {
			isa = PBXShellScriptBuildPhase;
			buildActionMask = 2147483647;
			files = (
			);
			inputPaths = (
			);
			name = "Copy Pods Resources";
			outputPaths = (
			);
			runOnlyForDeploymentPostprocessing = 0;
			shellPath = /bin/sh;
			shellScript = "\"${SRCROOT}/Pods/Target Support Files/Pods/Pods-resources.sh\"\n";
			showEnvVarsInLog = 0;
		};
/* End PBXShellScriptBuildPhase section */

/* Begin PBXSourcesBuildPhase section */
		023AE5531A04939300A3A789 /* Sources */ = {
			isa = PBXSourcesBuildPhase;
			buildActionMask = 2147483647;
			files = (
				0289B6101A057CC400646A18 /* SRWebSocket.m in Sources */,
				023AE5C91A04B8A000A3A789 /* StartViewController.m in Sources */,
				023AE5601A04939300A3A789 /* AppDelegate.m in Sources */,
				023AE55D1A04939300A3A789 /* main.m in Sources */,
				023AE5CC1A04BA3500A3A789 /* NameListViewController.m in Sources */,
				023AE5D21A04BC0200A3A789 /* SummaryViewController.m in Sources */,
			);
			runOnlyForDeploymentPostprocessing = 0;
		};
		023AE56C1A04939300A3A789 /* Sources */ = {
			isa = PBXSourcesBuildPhase;
			buildActionMask = 2147483647;
			files = (
				023AE5771A04939300A3A789 /* YoPayTests.m in Sources */,
			);
			runOnlyForDeploymentPostprocessing = 0;
		};
/* End PBXSourcesBuildPhase section */

/* Begin PBXTargetDependency section */
		023AE5721A04939300A3A789 /* PBXTargetDependency */ = {
			isa = PBXTargetDependency;
			target = 023AE5561A04939300A3A789 /* YoPay */;
			targetProxy = 023AE5711A04939300A3A789 /* PBXContainerItemProxy */;
		};
/* End PBXTargetDependency section */

/* Begin PBXVariantGroup section */
		023AE5641A04939300A3A789 /* Main.storyboard */ = {
			isa = PBXVariantGroup;
			children = (
				023AE5651A04939300A3A789 /* Base */,
			);
			name = Main.storyboard;
			sourceTree = "<group>";
		};
/* End PBXVariantGroup section */

/* Begin XCBuildConfiguration section */
		023AE5781A04939300A3A789 /* Debug */ = {
			isa = XCBuildConfiguration;
			buildSettings = {
				ALWAYS_SEARCH_USER_PATHS = NO;
				CLANG_CXX_LANGUAGE_STANDARD = "gnu++0x";
				CLANG_CXX_LIBRARY = "libc++";
				CLANG_ENABLE_MODULES = YES;
				CLANG_ENABLE_OBJC_ARC = YES;
				CLANG_WARN_BOOL_CONVERSION = YES;
				CLANG_WARN_CONSTANT_CONVERSION = YES;
				CLANG_WARN_DIRECT_OBJC_ISA_USAGE = YES_ERROR;
				CLANG_WARN_EMPTY_BODY = YES;
				CLANG_WARN_ENUM_CONVERSION = YES;
				CLANG_WARN_INT_CONVERSION = YES;
				CLANG_WARN_OBJC_ROOT_CLASS = YES_ERROR;
				CLANG_WARN_UNREACHABLE_CODE = YES;
				CLANG_WARN__DUPLICATE_METHOD_MATCH = YES;
				"CODE_SIGN_IDENTITY[sdk=iphoneos*]" = "iPhone Developer";
				COPY_PHASE_STRIP = NO;
				ENABLE_STRICT_OBJC_MSGSEND = YES;
				GCC_C_LANGUAGE_STANDARD = gnu99;
				GCC_DYNAMIC_NO_PIC = NO;
				GCC_OPTIMIZATION_LEVEL = 0;
				GCC_PREPROCESSOR_DEFINITIONS = (
					"DEBUG=1",
					"$(inherited)",
				);
				GCC_SYMBOLS_PRIVATE_EXTERN = NO;
				GCC_WARN_64_TO_32_BIT_CONVERSION = YES;
				GCC_WARN_ABOUT_RETURN_TYPE = YES_ERROR;
				GCC_WARN_UNDECLARED_SELECTOR = YES;
				GCC_WARN_UNINITIALIZED_AUTOS = YES_AGGRESSIVE;
				GCC_WARN_UNUSED_FUNCTION = YES;
				GCC_WARN_UNUSED_VARIABLE = YES;
				IPHONEOS_DEPLOYMENT_TARGET = 8.1;
				MTL_ENABLE_DEBUG_INFO = YES;
				ONLY_ACTIVE_ARCH = YES;
				SDKROOT = iphoneos;
			};
			name = Debug;
		};
		023AE5791A04939300A3A789 /* Release */ = {
			isa = XCBuildConfiguration;
			buildSettings = {
				ALWAYS_SEARCH_USER_PATHS = NO;
				CLANG_CXX_LANGUAGE_STANDARD = "gnu++0x";
				CLANG_CXX_LIBRARY = "libc++";
				CLANG_ENABLE_MODULES = YES;
				CLANG_ENABLE_OBJC_ARC = YES;
				CLANG_WARN_BOOL_CONVERSION = YES;
				CLANG_WARN_CONSTANT_CONVERSION = YES;
				CLANG_WARN_DIRECT_OBJC_ISA_USAGE = YES_ERROR;
				CLANG_WARN_EMPTY_BODY = YES;
				CLANG_WARN_ENUM_CONVERSION = YES;
				CLANG_WARN_INT_CONVERSION = YES;
				CLANG_WARN_OBJC_ROOT_CLASS = YES_ERROR;
				CLANG_WARN_UNREACHABLE_CODE = YES;
				CLANG_WARN__DUPLICATE_METHOD_MATCH = YES;
				"CODE_SIGN_IDENTITY[sdk=iphoneos*]" = "iPhone Developer";
				COPY_PHASE_STRIP = YES;
				ENABLE_NS_ASSERTIONS = NO;
				ENABLE_STRICT_OBJC_MSGSEND = YES;
				GCC_C_LANGUAGE_STANDARD = gnu99;
				GCC_WARN_64_TO_32_BIT_CONVERSION = YES;
				GCC_WARN_ABOUT_RETURN_TYPE = YES_ERROR;
				GCC_WARN_UNDECLARED_SELECTOR = YES;
				GCC_WARN_UNINITIALIZED_AUTOS = YES_AGGRESSIVE;
				GCC_WARN_UNUSED_FUNCTION = YES;
				GCC_WARN_UNUSED_VARIABLE = YES;
				IPHONEOS_DEPLOYMENT_TARGET = 8.1;
				MTL_ENABLE_DEBUG_INFO = NO;
				SDKROOT = iphoneos;
				VALIDATE_PRODUCT = YES;
			};
			name = Release;
		};
		023AE57B1A04939300A3A789 /* Debug */ = {
			isa = XCBuildConfiguration;
			baseConfigurationReference = 34FF32EF012EFB8A00A7C73A /* Pods.debug.xcconfig */;
			buildSettings = {
				ASSETCATALOG_COMPILER_APPICON_NAME = AppIcon;
				HEADER_SEARCH_PATHS = (
					"\"${PODS_ROOT}/Headers/Public\"",
					"\"${PODS_ROOT}/Headers/Public/SIOSocket\"",
					"$(inherited)",
				);
				INFOPLIST_FILE = YoPay/Info.plist;
				LD_RUNPATH_SEARCH_PATHS = "$(inherited) @executable_path/Frameworks";
				OTHER_LDFLAGS = "$(inherited)";
				OTHER_LIBTOOLFLAGS = "$(inherited)";
				PRODUCT_NAME = "$(TARGET_NAME)";
				TARGETED_DEVICE_FAMILY = 1;
			};
			name = Debug;
		};
		023AE57C1A04939300A3A789 /* Release */ = {
			isa = XCBuildConfiguration;
			baseConfigurationReference = 9F0CE0EDDABE808FEBE8E856 /* Pods.release.xcconfig */;
			buildSettings = {
				ASSETCATALOG_COMPILER_APPICON_NAME = AppIcon;
				HEADER_SEARCH_PATHS = (
					"\"${PODS_ROOT}/Headers/Public\"",
					"\"${PODS_ROOT}/Headers/Public/SIOSocket\"",
					"$(inherited)",
				);
				INFOPLIST_FILE = YoPay/Info.plist;
				LD_RUNPATH_SEARCH_PATHS = "$(inherited) @executable_path/Frameworks";
				OTHER_LDFLAGS = "$(inherited)";
				OTHER_LIBTOOLFLAGS = "$(inherited)";
				PRODUCT_NAME = "$(TARGET_NAME)";
				TARGETED_DEVICE_FAMILY = 1;
			};
			name = Release;
		};
		023AE57E1A04939300A3A789 /* Debug */ = {
			isa = XCBuildConfiguration;
			buildSettings = {
				BUNDLE_LOADER = "$(TEST_HOST)";
				FRAMEWORK_SEARCH_PATHS = (
					"$(SDKROOT)/Developer/Library/Frameworks",
					"$(inherited)",
				);
				GCC_PREPROCESSOR_DEFINITIONS = (
					"DEBUG=1",
					"$(inherited)",
				);
				INFOPLIST_FILE = YoPayTests/Info.plist;
				LD_RUNPATH_SEARCH_PATHS = "$(inherited) @executable_path/Frameworks @loader_path/Frameworks";
				PRODUCT_NAME = "$(TARGET_NAME)";
				TEST_HOST = "$(BUILT_PRODUCTS_DIR)/YoPay.app/YoPay";
			};
			name = Debug;
		};
		023AE57F1A04939300A3A789 /* Release */ = {
			isa = XCBuildConfiguration;
			buildSettings = {
				BUNDLE_LOADER = "$(TEST_HOST)";
				FRAMEWORK_SEARCH_PATHS = (
					"$(SDKROOT)/Developer/Library/Frameworks",
					"$(inherited)",
				);
				INFOPLIST_FILE = YoPayTests/Info.plist;
				LD_RUNPATH_SEARCH_PATHS = "$(inherited) @executable_path/Frameworks @loader_path/Frameworks";
				PRODUCT_NAME = "$(TARGET_NAME)";
				TEST_HOST = "$(BUILT_PRODUCTS_DIR)/YoPay.app/YoPay";
			};
			name = Release;
		};
/* End XCBuildConfiguration section */

/* Begin XCConfigurationList section */
		023AE5521A04939300A3A789 /* Build configuration list for PBXProject "YoPay" */ = {
			isa = XCConfigurationList;
			buildConfigurations = (
				023AE5781A04939300A3A789 /* Debug */,
				023AE5791A04939300A3A789 /* Release */,
			);
			defaultConfigurationIsVisible = 0;
			defaultConfigurationName = Release;
		};
		023AE57A1A04939300A3A789 /* Build configuration list for PBXNativeTarget "YoPay" */ = {
			isa = XCConfigurationList;
			buildConfigurations = (
				023AE57B1A04939300A3A789 /* Debug */,
				023AE57C1A04939300A3A789 /* Release */,
			);
			defaultConfigurationIsVisible = 0;
			defaultConfigurationName = Release;
		};
		023AE57D1A04939300A3A789 /* Build configuration list for PBXNativeTarget "YoPayTests" */ = {
			isa = XCConfigurationList;
			buildConfigurations = (
				023AE57E1A04939300A3A789 /* Debug */,
				023AE57F1A04939300A3A789 /* Release */,
			);
			defaultConfigurationIsVisible = 0;
			defaultConfigurationName = Release;
		};
/* End XCConfigurationList section */
	};
	rootObject = 023AE54F1A04939300A3A789 /* Project object */;
}
